
Microsoft Visual Studio Solution File, Format Version 12.00
# Visual Studio Version 16
VisualStudioVersion = 16.0.32126.315
MinimumVisualStudioVersion = 10.0.40219.1
Project("{8BC9CEB8-8B4A-11D0-8D11-00A0C91BC942}") = "SozdLibr1", "SozdLibr1\SozdLibr1.vcxproj", "{EE1352F9-BF07-4913-BE86-0C1CECC8A747}"
EndProject
Global
	GlobalSection(SolutionConfigurationPlatforms) = preSolution
		Debug|x64 = Debug|x64
		Debug|x86 = Debug|x86
		Release|x64 = Release|x64
		Release|x86 = Release|x86
	EndGlobalSection
	GlobalSection(ProjectConfigurationPlatforms) = postSolution
		{EE1352F9-BF07-4913-BE86-0C1CECC8A747}.Debug|x64.ActiveCfg = Debug|x64
		{EE1352F9-BF07-4913-BE86-0C1CECC8A747}.Debug|x64.Build.0 = Debug|x64
		{EE1352F9-BF07-4913-BE86-0C1CECC8A747}.Debug|x86.ActiveCfg = Debug|Win32
		{EE1352F9-BF07-4913-BE86-0C1CECC8A747}.Debug|x86.Build.0 = Debug|Win32
		{EE1352F9-BF07-4913-BE86-0C1CECC8A747}.Release|x64.ActiveCfg = Release|x64
		{EE1352F9-BF07-4913-BE86-0C1CECC8A747}.Release|x64.Build.0 = Release|x64
		{EE1352F9-BF07-4913-BE86-0C1CECC8A747}.Release|x86.ActiveCfg = Release|Win32
		{EE1352F9-BF07-4913-BE86-0C1CECC8A747}.Release|x86.Build.0 = Release|Win32
	EndGlobalSection
	GlobalSection(SolutionProperties) = preSolution
		HideSolutionNode = FALSE
	EndGlobalSection
	GlobalSection(ExtensibilityGlobals) = postSolution
		SolutionGuid = {653F54E2-001A-404D-A889-85CC665D9CFD}
	EndGlobalSection
EndGlobal
